{
  "name": "interdeadit",
  "version": "1.0.0",
  "lockfileVersion": 3,
  "requires": true,
  "packages": {
    "": {
      "name": "interdeadit",
      "version": "1.0.0",
      "license": "ISC",
      "dependencies": {
        "@interdead/efbd-scale": "^0.1.3",
        "@interdead/identity-core": "^0.1.1"
      }
    },
    "node_modules/@interdead/efbd-scale": {
      "version": "0.1.3",
      "resolved": "https://registry.npmjs.org/@interdead/efbd-scale/-/efbd-scale-0.1.3.tgz",
      "integrity": "sha512-sIvw3naOVtJbVlqpVsfA+fIdrJeDuQRX/zuhPuQ5gOmftksrg2ZNUnxruDBZSW6+FUTrNjk3GW6DNx5fyPRHLg==",
      "license": "MIT",
      "engines": {
        "node": ">=18"
      }
    },
    "node_modules/@interdead/identity-core": {
      "version": "0.1.2",
      "resolved": "https://registry.npmjs.org/@interdead/identity-core/-/identity-core-0.1.1.tgz",
      "integrity": "sha512-d9FKb84Nzrq/6qHFIgGEpEkRUuQGxlw03HAamvnZTUH1NgLZQ2iJ6PM0x3t0f74E4ft0SNKisXVPTvLzJRlAyA==",
      "license": "MIT",
      "engines": {
        "node": ">=18"
      }
    }
  }
}
